
Microsoft Visual Studio Solution File, Format Version 12.00
# Visual Studio 14
VisualStudioVersion = 14.0.25123.0
MinimumVisualStudioVersion = 10.0.40219.1
Project("{FAE04EC0-301F-11D3-BF4B-00C04F79EFBC}") = "EF.ConsoleApp", "EF.ConsoleApp\EF.ConsoleApp.csproj", "{17E662B3-05BF-4B23-8D22-B898812BB72C}"
EndProject
Project("{FAE04EC0-301F-11D3-BF4B-00C04F79EFBC}") = "EF.Data", "EF.Data\EF.Data.csproj", "{5E9E4722-1FF0-4852-B85A-67569173EE51}"
EndProject
Global
	GlobalSection(SolutionConfigurationPlatforms) = preSolution
		Debug|Any CPU = Debug|Any CPU
		Release|Any CPU = Release|Any CPU
	EndGlobalSection
	GlobalSection(ProjectConfigurationPlatforms) = postSolution
		{17E662B3-05BF-4B23-8D22-B898812BB72C}.Debug|Any CPU.ActiveCfg = Debug|Any CPU
		{17E662B3-05BF-4B23-8D22-B898812BB72C}.Debug|Any CPU.Build.0 = Debug|Any CPU
		{17E662B3-05BF-4B23-8D22-B898812BB72C}.Release|Any CPU.ActiveCfg = Release|Any CPU
		{17E662B3-05BF-4B23-8D22-B898812BB72C}.Release|Any CPU.Build.0 = Release|Any CPU
		{5E9E4722-1FF0-4852-B85A-67569173EE51}.Debug|Any CPU.ActiveCfg = Debug|Any CPU
		{5E9E4722-1FF0-4852-B85A-67569173EE51}.Debug|Any CPU.Build.0 = Debug|Any CPU
		{5E9E4722-1FF0-4852-B85A-67569173EE51}.Release|Any CPU.ActiveCfg = Release|Any CPU
		{5E9E4722-1FF0-4852-B85A-67569173EE51}.Release|Any CPU.Build.0 = Release|Any CPU
	EndGlobalSection
	GlobalSection(SolutionProperties) = preSolution
		HideSolutionNode = FALSE
	EndGlobalSection
EndGlobal
